// !$*UTF8*$!
{
	archiveVersion = 1;
	classes = {
	};
	objectVersion = 77;
	objects = {

/* Begin PBXContainerItemProxy section */
		48FABCD12E706C8100750806 /* PBXContainerItemProxy */ = {
			isa = PBXContainerItemProxy;
			containerPortal = 48FABCB32E706C8000750806 /* Project object */;
			proxyType = 1;
			remoteGlobalIDString = 48FABCBA2E706C8000750806;
			remoteInfo = "Agent Pro";
		};
		48FABCDB2E706C8100750806 /* PBXContainerItemProxy */ = {
			isa = PBXContainerItemProxy;
			containerPortal = 48FABCB32E706C8000750806 /* Project object */;
			proxyType = 1;
			remoteGlobalIDString = 48FABCBA2E706C8000750806;
			remoteInfo = "Agent Pro";
		};
/* End PBXContainerItemProxy section */

/* Begin PBXFileReference section */
		48FABCBB2E706C8000750806 /* Agent Pro.app */ = {isa = PBXFileReference; explicitFileType = wrapper.application; includeInIndex = 0; path = "Agent Pro.app"; sourceTree = BUILT_PRODUCTS_DIR; };
		48FABCD02E706C8100750806 /* Agent ProTests.xctest */ = {isa = PBXFileReference; explicitFileType = wrapper.cfbundle; includeInIndex = 0; path = "Agent ProTests.xctest"; sourceTree = BUILT_PRODUCTS_DIR; };
		48FABCDA2E706C8100750806 /* Agent ProUITests.xctest */ = {isa = PBXFileReference; explicitFileType = wrapper.cfbundle; includeInIndex = 0; path = "Agent ProUITests.xctest"; sourceTree = BUILT_PRODUCTS_DIR; };
/* End PBXFileReference section */

/* Begin PBXFileSystemSynchronizedRootGroup section */
		48FABCBD2E706C8000750806 /* Agent Pro */ = {
			isa = PBXFileSystemSynchronizedRootGroup;
			path = "Agent Pro";
			sourceTree = "<group>";
		};
		48FABCD32E706C8100750806 /* Agent ProTests */ = {
			isa = PBXFileSystemSynchronizedRootGroup;
			path = "Agent ProTests";
			sourceTree = "<group>";
		};
		48FABCDD2E706C8100750806 /* Agent ProUITests */ = {
			isa = PBXFileSystemSynchronizedRootGroup;
			path = "Agent ProUITests";
			sourceTree = "<group>";
		};
/* End PBXFileSystemSynchronizedRootGroup section */

/* Begin PBXFrameworksBuildPhase section */
		48FABCB82E706C8000750806 /* Frameworks */ = {
			isa = PBXFrameworksBuildPhase;
			buildActionMask = 2147483647;
			files = (
			);
			runOnlyForDeploymentPostprocessing = 0;
		};
		48FABCCD2E706C8100750806 /* Frameworks */ = {
			isa = PBXFrameworksBuildPhase;
			buildActionMask = 2147483647;
			files = (
			);
			runOnlyForDeploymentPostprocessing = 0;
		};
		48FABCD72E706C8100750806 /* Frameworks */ = {
			isa = PBXFrameworksBuildPhase;
			buildActionMask = 2147483647;
			files = (
			);
			runOnlyForDeploymentPostprocessing = 0;
		};
/* End PBXFrameworksBuildPhase section */

/* Begin PBXGroup section */
		48FABCB22E706C8000750806 = {
			isa = PBXGroup;
			children = (
				48FABCBD2E706C8000750806 /* Agent Pro */,
				48FABCD32E706C8100750806 /* Agent ProTests */,
				48FABCDD2E706C8100750806 /* Agent ProUITests */,
				48FABCBC2E706C8000750806 /* Products */,
			);
			sourceTree = "<group>";
		};
		48FABCBC2E706C8000750806 /* Products */ = {
			isa = PBXGroup;
			children = (
				48FABCBB2E706C8000750806 /* Agent Pro.app */,
				48FABCD02E706C8100750806 /* Agent ProTests.xctest */,
				48FABCDA2E706C8100750806 /* Agent ProUITests.xctest */,
			);
			name = Products;
			sourceTree = "<group>";
		};
/* End PBXGroup section */

/* Begin PBXNativeTarget section */
		48FABCBA2E706C8000750806 /* Agent Pro */ = {
			isa = PBXNativeTarget;
			buildConfigurationList = 48FABCE42E706C8100750806 /* Build configuration list for PBXNativeTarget "Agent Pro" */;
			buildPhases = (
				48FABCB72E706C8000750806 /* Sources */,
				48FABCB82E706C8000750806 /* Frameworks */,
				48FABCB92E706C8000750806 /* Resources */,
			);
			buildRules = (
			);
			dependencies = (
			);
			fileSystemSynchronizedGroups = (
				48FABCBD2E706C8000750806 /* Agent Pro */,
			);
			name = "Agent Pro";
			packageProductDependencies = (
			);
			productName = "Agent Pro";
			productReference = 48FABCBB2E706C8000750806 /* Agent Pro.app */;
			productType = "com.apple.product-type.application";
		};
		48FABCCF2E706C8100750806 /* Agent ProTests */ = {
			isa = PBXNativeTarget;
			buildConfigurationList = 48FABCE72E706C8100750806 /* Build configuration list for PBXNativeTarget "Agent ProTests" */;
			buildPhases = (
				48FABCCC2E706C8100750806 /* Sources */,
				48FABCCD2E706C8100750806 /* Frameworks */,
				48FABCCE2E706C8100750806 /* Resources */,
			);
			buildRules = (
			);
			dependencies = (
				48FABCD22E706C8100750806 /* PBXTargetDependency */,
			);
			fileSystemSynchronizedGroups = (
				48FABCD32E706C8100750806 /* Agent ProTests */,
			);
			name = "Agent ProTests";
			packageProductDependencies = (
			);
			productName = "Agent ProTests";
			productReference = 48FABCD02E706C8100750806 /* Agent ProTests.xctest */;
			productType = "com.apple.product-type.bundle.unit-test";
		};
		48FABCD92E706C8100750806 /* Agent ProUITests */ = {
			isa = PBXNativeTarget;
			buildConfigurationList = 48FABCEA2E706C8100750806 /* Build configuration list for PBXNativeTarget "Agent ProUITests" */;
			buildPhases = (
				48FABCD62E706C8100750806 /* Sources */,
				48FABCD72E706C8100750806 /* Frameworks */,
				48FABCD82E706C8100750806 /* Resources */,
			);
			buildRules = (
			);
			dependencies = (
				48FABCDC2E706C8100750806 /* PBXTargetDependency */,
			);
			fileSystemSynchronizedGroups = (
				48FABCDD2E706C8100750806 /* Agent ProUITests */,
			);
			name = "Agent ProUITests";
			packageProductDependencies = (
			);
			productName = "Agent ProUITests";
			productReference = 48FABCDA2E706C8100750806 /* Agent ProUITests.xctest */;
			productType = "com.apple.product-type.bundle.ui-testing";
		};
/* End PBXNativeTarget section */

/* Begin PBXProject section */
		48FABCB32E706C8000750806 /* Project object */ = {
			isa = PBXProject;
			attributes = {
				BuildIndependentTargetsInParallel = 1;
				LastSwiftUpdateCheck = 1610;
				LastUpgradeCheck = 1610;
				TargetAttributes = {
					48FABCBA2E706C8000750806 = {
						CreatedOnToolsVersion = 16.1;
					};
					48FABCCF2E706C8100750806 = {
						CreatedOnToolsVersion = 16.1;
						TestTargetID = 48FABCBA2E706C8000750806;
					};
					48FABCD92E706C8100750806 = {
						CreatedOnToolsVersion = 16.1;
						TestTargetID = 48FABCBA2E706C8000750806;
					};
				};
			};
			buildConfigurationList = 48FABCB62E706C8000750806 /* Build configuration list for PBXProject "Agent Pro" */;
			developmentRegion = en;
			hasScannedForEncodings = 0;
			knownRegions = (
				en,
				Base,
			);
			mainGroup = 48FABCB22E706C8000750806;
			minimizedProjectReferenceProxies = 1;
			packageReferences = (
			);
			preferredProjectObjectVersion = 77;
			productRefGroup = 48FABCBC2E706C8000750806 /* Products */;
			projectDirPath = "";
			projectRoot = "";
			targets = (
				48FABCBA2E706C8000750806 /* Agent Pro */,
				48FABCCF2E706C8100750806 /* Agent ProTests */,
				48FABCD92E706C8100750806 /* Agent ProUITests */,
			);
		};
/* End PBXProject section */

/* Begin PBXResourcesBuildPhase section */
		48FABCB92E706C8000750806 /* Resources */ = {
			isa = PBXResourcesBuildPhase;
			buildActionMask = 2147483647;
			files = (
			);
			runOnlyForDeploymentPostprocessing = 0;
		};
		48FABCCE2E706C8100750806 /* Resources */ = {
			isa = PBXResourcesBuildPhase;
			buildActionMask = 2147483647;
			files = (
			);
			runOnlyForDeploymentPostprocessing = 0;
		};
		48FABCD82E706C8100750806 /* Resources */ = {
			isa = PBXResourcesBuildPhase;
			buildActionMask = 2147483647;
			files = (
			);
			runOnlyForDeploymentPostprocessing = 0;
		};
/* End PBXResourcesBuildPhase section */

/* Begin PBXSourcesBuildPhase section */
		48FABCB72E706C8000750806 /* Sources */ = {
			isa = PBXSourcesBuildPhase;
			buildActionMask = 2147483647;
			files = (
			);
			runOnlyForDeploymentPostprocessing = 0;
		};
		48FABCCC2E706C8100750806 /* Sources */ = {
			isa = PBXSourcesBuildPhase;
			buildActionMask = 2147483647;
			files = (
			);
			runOnlyForDeploymentPostprocessing = 0;
		};
		48FABCD62E706C8100750806 /* Sources */ = {
			isa = PBXSourcesBuildPhase;
			buildActionMask = 2147483647;
			files = (
			);
			runOnlyForDeploymentPostprocessing = 0;
		};
/* End PBXSourcesBuildPhase section */

/* Begin PBXTargetDependency section */
		48FABCD22E706C8100750806 /* PBXTargetDependency */ = {
			isa = PBXTargetDependency;
			target = 48FABCBA2E706C8000750806 /* Agent Pro */;
			targetProxy = 48FABCD12E706C8100750806 /* PBXContainerItemProxy */;
		};
		48FABCDC2E706C8100750806 /* PBXTargetDependency */ = {
			isa = PBXTargetDependency;
			target = 48FABCBA2E706C8000750806 /* Agent Pro */;
			targetProxy = 48FABCDB2E706C8100750806 /* PBXContainerItemProxy */;
		};
/* End PBXTargetDependency section */

/* Begin XCBuildConfiguration section */
		48FABCE22E706C8100750806 /* Debug */ = {
			isa = XCBuildConfiguration;
			buildSettings = {
				ALWAYS_SEARCH_USER_PATHS = NO;
				ASSETCATALOG_COMPILER_GENERATE_SWIFT_ASSET_SYMBOL_EXTENSIONS = YES;
				CLANG_ANALYZER_NONNULL = YES;
				CLANG_ANALYZER_NUMBER_OBJECT_CONVERSION = YES_AGGRESSIVE;
				CLANG_CXX_LANGUAGE_STANDARD = "gnu++20";
				CLANG_ENABLE_MODULES = YES;
				CLANG_ENABLE_OBJC_ARC = YES;
				CLANG_ENABLE_OBJC_WEAK = YES;
				CLANG_WARN_BLOCK_CAPTURE_AUTORELEASING = YES;
				CLANG_WARN_BOOL_CONVERSION = YES;
				CLANG_WARN_COMMA = YES;
				CLANG_WARN_CONSTANT_CONVERSION = YES;
				CLANG_WARN_DEPRECATED_OBJC_IMPLEMENTATIONS = YES;
				CLANG_WARN_DIRECT_OBJC_ISA_USAGE = YES_ERROR;
				CLANG_WARN_DOCUMENTATION_COMMENTS = YES;
				CLANG_WARN_EMPTY_BODY = YES;
				CLANG_WARN_ENUM_CONVERSION = YES;
				CLANG_WARN_INFINITE_RECURSION = YES;
				CLANG_WARN_INT_CONVERSION = YES;
				CLANG_WARN_NON_LITERAL_NULL_CONVERSION = YES;
				CLANG_WARN_OBJC_IMPLICIT_RETAIN_SELF = YES;
				CLANG_WARN_OBJC_LITERAL_CONVERSION = YES;
				CLANG_WARN_OBJC_ROOT_CLASS = YES_ERROR;
				CLANG_WARN_QUOTED_INCLUDE_IN_FRAMEWORK_HEADER = YES;
				CLANG_WARN_RANGE_LOOP_ANALYSIS = YES;
				CLANG_WARN_STRICT_PROTOTYPES = YES;
				CLANG_WARN_SUSPICIOUS_MOVE = YES;
				CLANG_WARN_UNGUARDED_AVAILABILITY = YES_AGGRESSIVE;
				CLANG_WARN_UNREACHABLE_CODE = YES;
				CLANG_WARN__DUPLICATE_METHOD_MATCH = YES;
				COPY_PHASE_STRIP = NO;
				DEBUG_INFORMATION_FORMAT = dwarf;
				ENABLE_STRICT_OBJC_MSGSEND = YES;
				ENABLE_TESTABILITY = YES;
				ENABLE_USER_SCRIPT_SANDBOXING = YES;
				GCC_C_LANGUAGE_STANDARD = gnu17;
				GCC_DYNAMIC_NO_PIC = NO;
				GCC_NO_COMMON_BLOCKS = YES;
				GCC_OPTIMIZATION_LEVEL = 0;
				GCC_PREPROCESSOR_DEFINITIONS = (
					"DEBUG=1",
					"$(inherited)",
				);
				GCC_WARN_64_TO_32_BIT_CONVERSION = YES;
				GCC_WARN_ABOUT_RETURN_TYPE = YES_ERROR;
				GCC_WARN_UNDECLARED_SELECTOR = YES;
				GCC_WARN_UNINITIALIZED_AUTOS = YES_AGGRESSIVE;
				GCC_WARN_UNUSED_FUNCTION = YES;
				GCC_WARN_UNUSED_VARIABLE = YES;
				IPHONEOS_DEPLOYMENT_TARGET = 18.1;
				LOCALIZATION_PREFERS_STRING_CATALOGS = YES;
				MTL_ENABLE_DEBUG_INFO = INCLUDE_SOURCE;
				MTL_FAST_MATH = YES;
				ONLY_ACTIVE_ARCH = YES;
				SDKROOT = iphoneos;
				SWIFT_ACTIVE_COMPILATION_CONDITIONS = "DEBUG $(inherited)";
				SWIFT_OPTIMIZATION_LEVEL = "-Onone";
			};
			name = Debug;
		};
		48FABCE32E706C8100750806 /* Release */ = {
			isa = XCBuildConfiguration;
			buildSettings = {
				ALWAYS_SEARCH_USER_PATHS = NO;
				ASSETCATALOG_COMPILER_GENERATE_SWIFT_ASSET_SYMBOL_EXTENSIONS = YES;
				CLANG_ANALYZER_NONNULL = YES;
				CLANG_ANALYZER_NUMBER_OBJECT_CONVERSION = YES_AGGRESSIVE;
				CLANG_CXX_LANGUAGE_STANDARD = "gnu++20";
				CLANG_ENABLE_MODULES = YES;
				CLANG_ENABLE_OBJC_ARC = YES;
				CLANG_ENABLE_OBJC_WEAK = YES;
				CLANG_WARN_BLOCK_CAPTURE_AUTORELEASING = YES;
				CLANG_WARN_BOOL_CONVERSION = YES;
				CLANG_WARN_COMMA = YES;
				CLANG_WARN_CONSTANT_CONVERSION = YES;
				CLANG_WARN_DEPRECATED_OBJC_IMPLEMENTATIONS = YES;
				CLANG_WARN_DIRECT_OBJC_ISA_USAGE = YES_ERROR;
				CLANG_WARN_DOCUMENTATION_COMMENTS = YES;
				CLANG_WARN_EMPTY_BODY = YES;
				CLANG_WARN_ENUM_CONVERSION = YES;
				CLANG_WARN_INFINITE_RECURSION = YES;
				CLANG_WARN_INT_CONVERSION = YES;
				CLANG_WARN_NON_LITERAL_NULL_CONVERSION = YES;
				CLANG_WARN_OBJC_IMPLICIT_RETAIN_SELF = YES;
				CLANG_WARN_OBJC_LITERAL_CONVERSION = YES;
				CLANG_WARN_OBJC_ROOT_CLASS = YES_ERROR;
				CLANG_WARN_QUOTED_INCLUDE_IN_FRAMEWORK_HEADER = YES;
				CLANG_WARN_RANGE_LOOP_ANALYSIS = YES;
				CLANG_WARN_STRICT_PROTOTYPES = YES;
				CLANG_WARN_SUSPICIOUS_MOVE = YES;
				CLANG_WARN_UNGUARDED_AVAILABILITY = YES_AGGRESSIVE;
				CLANG_WARN_UNREACHABLE_CODE = YES;
				CLANG_WARN__DUPLICATE_METHOD_MATCH = YES;
				COPY_PHASE_STRIP = NO;
				DEBUG_INFORMATION_FORMAT = "dwarf-with-dsym";
				ENABLE_NS_ASSERTIONS = NO;
				ENABLE_STRICT_OBJC_MSGSEND = YES;
				ENABLE_USER_SCRIPT_SANDBOXING = YES;
				GCC_C_LANGUAGE_STANDARD = gnu17;
				GCC_NO_COMMON_BLOCKS = YES;
				GCC_WARN_64_TO_32_BIT_CONVERSION = YES;
				GCC_WARN_ABOUT_RETURN_TYPE = YES_ERROR;
				GCC_WARN_UNDECLARED_SELECTOR = YES;
				GCC_WARN_UNINITIALIZED_AUTOS = YES_AGGRESSIVE;
				GCC_WARN_UNUSED_FUNCTION = YES;
				GCC_WARN_UNUSED_VARIABLE = YES;
				IPHONEOS_DEPLOYMENT_TARGET = 18.1;
				LOCALIZATION_PREFERS_STRING_CATALOGS = YES;
				MTL_ENABLE_DEBUG_INFO = NO;
				MTL_FAST_MATH = YES;
				SDKROOT = iphoneos;
				SWIFT_COMPILATION_MODE = wholemodule;
				VALIDATE_PRODUCT = YES;
			};
			name = Release;
		};
		48FABCE52E706C8100750806 /* Debug */ = {
			isa = XCBuildConfiguration;
			buildSettings = {
				ASSETCATALOG_COMPILER_APPICON_NAME = AppIcon;
				ASSETCATALOG_COMPILER_GLOBAL_ACCENT_COLOR_NAME = AccentColor;
				CODE_SIGN_STYLE = Automatic;
				CURRENT_PROJECT_VERSION = 1;
				DEVELOPMENT_ASSET_PATHS = "\"Agent Pro/Preview Content\"";
				DEVELOPMENT_TEAM = V6RTSBFD82;
				ENABLE_PREVIEWS = YES;
				GENERATE_INFOPLIST_FILE = YES;
				INFOPLIST_KEY_UIApplicationSceneManifest_Generation = YES;
				INFOPLIST_KEY_UIApplicationSupportsIndirectInputEvents = YES;
				INFOPLIST_KEY_UILaunchScreen_Generation = YES;
				INFOPLIST_KEY_UISupportedInterfaceOrientations_iPad = "UIInterfaceOrientationPortrait UIInterfaceOrientationPortraitUpsideDown UIInterfaceOrientationLandscapeLeft UIInterfaceOrientationLandscapeRight";
				INFOPLIST_KEY_UISupportedInterfaceOrientations_iPhone = "UIInterfaceOrientationPortrait UIInterfaceOrientationLandscapeLeft UIInterfaceOrientationLandscapeRight";
				LD_RUNPATH_SEARCH_PATHS = (
					"$(inherited)",
					"@executable_path/Frameworks",
				);
				MARKETING_VERSION = 1.0;
				PRODUCT_BUNDLE_IDENTIFIER = "fr.Agent-Pro";
				PRODUCT_NAME = "$(TARGET_NAME)";
				SWIFT_EMIT_LOC_STRINGS = YES;
				SWIFT_VERSION = 5.0;
				TARGETED_DEVICE_FAMILY = "1,2";
			};
			name = Debug;
		};
		48FABCE62E706C8100750806 /* Release */ = {
			isa = XCBuildConfiguration;
			buildSettings = {
				ASSETCATALOG_COMPILER_APPICON_NAME = AppIcon;
				ASSETCATALOG_COMPILER_GLOBAL_ACCENT_COLOR_NAME = AccentColor;
				CODE_SIGN_STYLE = Automatic;
				CURRENT_PROJECT_VERSION = 1;
				DEVELOPMENT_ASSET_PATHS = "\"Agent Pro/Preview Content\"";
				DEVELOPMENT_TEAM = V6RTSBFD82;
				ENABLE_PREVIEWS = YES;
				GENERATE_INFOPLIST_FILE = YES;
				INFOPLIST_KEY_UIApplicationSceneManifest_Generation = YES;
				INFOPLIST_KEY_UIApplicationSupportsIndirectInputEvents = YES;
				INFOPLIST_KEY_UILaunchScreen_Generation = YES;
				INFOPLIST_KEY_UISupportedInterfaceOrientations_iPad = "UIInterfaceOrientationPortrait UIInterfaceOrientationPortraitUpsideDown UIInterfaceOrientationLandscapeLeft UIInterfaceOrientationLandscapeRight";
				INFOPLIST_KEY_UISupportedInterfaceOrientations_iPhone = "UIInterfaceOrientationPortrait UIInterfaceOrientationLandscapeLeft UIInterfaceOrientationLandscapeRight";
				LD_RUNPATH_SEARCH_PATHS = (
					"$(inherited)",
					"@executable_path/Frameworks",
				);
				MARKETING_VERSION = 1.0;
				PRODUCT_BUNDLE_IDENTIFIER = "fr.Agent-Pro";
				PRODUCT_NAME = "$(TARGET_NAME)";
				SWIFT_EMIT_LOC_STRINGS = YES;
				SWIFT_VERSION = 5.0;
				TARGETED_DEVICE_FAMILY = "1,2";
			};
			name = Release;
		};
		48FABCE82E706C8100750806 /* Debug */ = {
			isa = XCBuildConfiguration;
			buildSettings = {
				BUNDLE_LOADER = "$(TEST_HOST)";
				CODE_SIGN_STYLE = Automatic;
				CURRENT_PROJECT_VERSION = 1;
				DEVELOPMENT_TEAM = V6RTSBFD82;
				GENERATE_INFOPLIST_FILE = YES;
				IPHONEOS_DEPLOYMENT_TARGET = 18.1;
				MARKETING_VERSION = 1.0;
				PRODUCT_BUNDLE_IDENTIFIER = "fr.Agent-ProTests";
				PRODUCT_NAME = "$(TARGET_NAME)";
				SWIFT_EMIT_LOC_STRINGS = NO;
				SWIFT_VERSION = 5.0;
				TARGETED_DEVICE_FAMILY = "1,2";
				TEST_HOST = "$(BUILT_PRODUCTS_DIR)/Agent Pro.app/$(BUNDLE_EXECUTABLE_FOLDER_PATH)/Agent Pro";
			};
			name = Debug;
		};
		48FABCE92E706C8100750806 /* Release */ = {
			isa = XCBuildConfiguration;
			buildSettings = {
				BUNDLE_LOADER = "$(TEST_HOST)";
				CODE_SIGN_STYLE = Automatic;
				CURRENT_PROJECT_VERSION = 1;
				DEVELOPMENT_TEAM = V6RTSBFD82;
				GENERATE_INFOPLIST_FILE = YES;
				IPHONEOS_DEPLOYMENT_TARGET = 18.1;
				MARKETING_VERSION = 1.0;
				PRODUCT_BUNDLE_IDENTIFIER = "fr.Agent-ProTests";
				PRODUCT_NAME = "$(TARGET_NAME)";
				SWIFT_EMIT_LOC_STRINGS = NO;
				SWIFT_VERSION = 5.0;
				TARGETED_DEVICE_FAMILY = "1,2";
				TEST_HOST = "$(BUILT_PRODUCTS_DIR)/Agent Pro.app/$(BUNDLE_EXECUTABLE_FOLDER_PATH)/Agent Pro";
			};
			name = Release;
		};
		48FABCEB2E706C8100750806 /* Debug */ = {
			isa = XCBuildConfiguration;
			buildSettings = {
				CODE_SIGN_STYLE = Automatic;
				CURRENT_PROJECT_VERSION = 1;
				DEVELOPMENT_TEAM = V6RTSBFD82;
				GENERATE_INFOPLIST_FILE = YES;
				MARKETING_VERSION = 1.0;
				PRODUCT_BUNDLE_IDENTIFIER = "fr.Agent-ProUITests";
				PRODUCT_NAME = "$(TARGET_NAME)";
				SWIFT_EMIT_LOC_STRINGS = NO;
				SWIFT_VERSION = 5.0;
				TARGETED_DEVICE_FAMILY = "1,2";
				TEST_TARGET_NAME = "Agent Pro";
			};
			name = Debug;
		};
		48FABCEC2E706C8100750806 /* Release */ = {
			isa = XCBuildConfiguration;
			buildSettings = {
				CODE_SIGN_STYLE = Automatic;
				CURRENT_PROJECT_VERSION = 1;
				DEVELOPMENT_TEAM = V6RTSBFD82;
				GENERATE_INFOPLIST_FILE = YES;
				MARKETING_VERSION = 1.0;
				PRODUCT_BUNDLE_IDENTIFIER = "fr.Agent-ProUITests";
				PRODUCT_NAME = "$(TARGET_NAME)";
				SWIFT_EMIT_LOC_STRINGS = NO;
				SWIFT_VERSION = 5.0;
				TARGETED_DEVICE_FAMILY = "1,2";
				TEST_TARGET_NAME = "Agent Pro";
			};
			name = Release;
		};
/* End XCBuildConfiguration section */

/* Begin XCConfigurationList section */
		48FABCB62E706C8000750806 /* Build configuration list for PBXProject "Agent Pro" */ = {
			isa = XCConfigurationList;
			buildConfigurations = (
				48FABCE22E706C8100750806 /* Debug */,
				48FABCE32E706C8100750806 /* Release */,
			);
			defaultConfigurationIsVisible = 0;
			defaultConfigurationName = Release;
		};
		48FABCE42E706C8100750806 /* Build configuration list for PBXNativeTarget "Agent Pro" */ = {
			isa = XCConfigurationList;
			buildConfigurations = (
				48FABCE52E706C8100750806 /* Debug */,
				48FABCE62E706C8100750806 /* Release */,
			);
			defaultConfigurationIsVisible = 0;
			defaultConfigurationName = Release;
		};
		48FABCE72E706C8100750806 /* Build configuration list for PBXNativeTarget "Agent ProTests" */ = {
			isa = XCConfigurationList;
			buildConfigurations = (
				48FABCE82E706C8100750806 /* Debug */,
				48FABCE92E706C8100750806 /* Release */,
			);
			defaultConfigurationIsVisible = 0;
			defaultConfigurationName = Release;
		};
		48FABCEA2E706C8100750806 /* Build configuration list for PBXNativeTarget "Agent ProUITests" */ = {
			isa = XCConfigurationList;
			buildConfigurations = (
				48FABCEB2E706C8100750806 /* Debug */,
				48FABCEC2E706C8100750806 /* Release */,
			);
			defaultConfigurationIsVisible = 0;
			defaultConfigurationName = Release;
		};
/* End XCConfigurationList section */
	};
	rootObject = 48FABCB32E706C8000750806 /* Project object */;
}
